
Microsoft Visual Studio Solution File, Format Version 12.00
# Visual Studio Version 16
VisualStudioVersion = 16.0.29905.134
MinimumVisualStudioVersion = 10.0.40219.1
Project("{FAE04EC0-301F-11D3-BF4B-00C04F79EFBC}") = "ConnectGCPToGetComputeEngineLists", "ConnectGCPToGetComputeEngineLists.csproj", "{126E7C40-4BE7-408B-96B6-997D5E3D2836}"
EndProject
Global
	GlobalSection(SolutionConfigurationPlatforms) = preSolution
		Debug|Any CPU = Debug|Any CPU
		Release|Any CPU = Release|Any CPU
	EndGlobalSection
	GlobalSection(ProjectConfigurationPlatforms) = postSolution
		{126E7C40-4BE7-408B-96B6-997D5E3D2836}.Debug|Any CPU.ActiveCfg = Debug|Any CPU
		{126E7C40-4BE7-408B-96B6-997D5E3D2836}.Debug|Any CPU.Build.0 = Debug|Any CPU
		{126E7C40-4BE7-408B-96B6-997D5E3D2836}.Release|Any CPU.ActiveCfg = Release|Any CPU
		{126E7C40-4BE7-408B-96B6-997D5E3D2836}.Release|Any CPU.Build.0 = Release|Any CPU
	EndGlobalSection
	GlobalSection(SolutionProperties) = preSolution
		HideSolutionNode = FALSE
	EndGlobalSection
	GlobalSection(ExtensibilityGlobals) = postSolution
		SolutionGuid = {B1899FE3-2074-4B2E-AE29-1410AD7D8C77}
	EndGlobalSection
EndGlobal
